
Microsoft Visual Studio Solution File, Format Version 12.00
# Visual Studio Version 16
VisualStudioVersion = 16.0.30104.148
MinimumVisualStudioVersion = 10.0.40219.1
Project("{9A19103F-16F7-4668-BE54-9A1E7A4F7556}") = "ZipContent.Core", "ZipContent.Core\ZipContent.Core.csproj", "{BE88D98C-8249-4AE6-9C7A-00B888721ACE}"
EndProject
Project("{9A19103F-16F7-4668-BE54-9A1E7A4F7556}") = "ZipContent.Core.Test", "ZipContent.Core.Test\ZipContent.Core.Test.csproj", "{4B22F134-9F22-4A19-8BB5-9A48E81A5CAC}"
EndProject
Global
	GlobalSection(SolutionConfigurationPlatforms) = preSolution
		Debug|Any CPU = Debug|Any CPU
		Release|Any CPU = Release|Any CPU
	EndGlobalSection
	GlobalSection(ProjectConfigurationPlatforms) = postSolution
		{BE88D98C-8249-4AE6-9C7A-00B888721ACE}.Debug|Any CPU.ActiveCfg = Debug|Any CPU
		{BE88D98C-8249-4AE6-9C7A-00B888721ACE}.Debug|Any CPU.Build.0 = Debug|Any CPU
		{BE88D98C-8249-4AE6-9C7A-00B888721ACE}.Release|Any CPU.ActiveCfg = Release|Any CPU
		{BE88D98C-8249-4AE6-9C7A-00B888721ACE}.Release|Any CPU.Build.0 = Release|Any CPU
		{4B22F134-9F22-4A19-8BB5-9A48E81A5CAC}.Debug|Any CPU.ActiveCfg = Debug|Any CPU
		{4B22F134-9F22-4A19-8BB5-9A48E81A5CAC}.Debug|Any CPU.Build.0 = Debug|Any CPU
		{4B22F134-9F22-4A19-8BB5-9A48E81A5CAC}.Release|Any CPU.ActiveCfg = Release|Any CPU
		{4B22F134-9F22-4A19-8BB5-9A48E81A5CAC}.Release|Any CPU.Build.0 = Release|Any CPU
	EndGlobalSection
	GlobalSection(SolutionProperties) = preSolution
		HideSolutionNode = FALSE
	EndGlobalSection
	GlobalSection(ExtensibilityGlobals) = postSolution
		SolutionGuid = {1C9854EC-C06E-4426-8FAC-1296038CC119}
	EndGlobalSection
EndGlobal
